
Microsoft Visual Studio Solution File, Format Version 12.00
# Visual Studio Version 17
VisualStudioVersion = 17.0.31903.59
MinimumVisualStudioVersion = 10.0.40219.1
Project("{2150E333-8FDC-42A3-9474-1A3956D46DE8}") = "src", "src", "{8607E656-E9F6-4B88-83E6-B6870D5D1C95}"
EndProject
Project("{2150E333-8FDC-42A3-9474-1A3956D46DE8}") = "tests", "tests", "{70668CA1-1C3F-44D3-A42E-D974053C56F5}"
EndProject
Project("{9A19103F-16F7-4668-BE54-9A1E7A4F7556}") = "SemiJoin", "src\SemiJoin\SemiJoin.csproj", "{8CB7C6A0-B71F-4EB5-A3D7-42F78F5BACD8}"
EndProject
Project("{9A19103F-16F7-4668-BE54-9A1E7A4F7556}") = "SemiJoin.Domain", "src\SemiJoin.Domain\SemiJoin.Domain.csproj", "{92E0D4DA-2210-49B2-A149-D96318B42C16}"
EndProject
Project("{9A19103F-16F7-4668-BE54-9A1E7A4F7556}") = "SemiJoin.Domain.Test", "tests\SemiJoin.Domain.Test\SemiJoin.Domain.Test.csproj", "{DF436545-DE4E-42E0-BA41-F2523A30A06F}"
EndProject
Global
	GlobalSection(SolutionConfigurationPlatforms) = preSolution
		Debug|Any CPU = Debug|Any CPU
		Release|Any CPU = Release|Any CPU
	EndGlobalSection
	GlobalSection(ProjectConfigurationPlatforms) = postSolution
		{8CB7C6A0-B71F-4EB5-A3D7-42F78F5BACD8}.Debug|Any CPU.ActiveCfg = Debug|Any CPU
		{8CB7C6A0-B71F-4EB5-A3D7-42F78F5BACD8}.Debug|Any CPU.Build.0 = Debug|Any CPU
		{8CB7C6A0-B71F-4EB5-A3D7-42F78F5BACD8}.Release|Any CPU.ActiveCfg = Release|Any CPU
		{8CB7C6A0-B71F-4EB5-A3D7-42F78F5BACD8}.Release|Any CPU.Build.0 = Release|Any CPU
		{92E0D4DA-2210-49B2-A149-D96318B42C16}.Debug|Any CPU.ActiveCfg = Debug|Any CPU
		{92E0D4DA-2210-49B2-A149-D96318B42C16}.Debug|Any CPU.Build.0 = Debug|Any CPU
		{92E0D4DA-2210-49B2-A149-D96318B42C16}.Release|Any CPU.ActiveCfg = Release|Any CPU
		{92E0D4DA-2210-49B2-A149-D96318B42C16}.Release|Any CPU.Build.0 = Release|Any CPU
		{DF436545-DE4E-42E0-BA41-F2523A30A06F}.Debug|Any CPU.ActiveCfg = Debug|Any CPU
		{DF436545-DE4E-42E0-BA41-F2523A30A06F}.Debug|Any CPU.Build.0 = Debug|Any CPU
		{DF436545-DE4E-42E0-BA41-F2523A30A06F}.Release|Any CPU.ActiveCfg = Release|Any CPU
		{DF436545-DE4E-42E0-BA41-F2523A30A06F}.Release|Any CPU.Build.0 = Release|Any CPU
	EndGlobalSection
	GlobalSection(SolutionProperties) = preSolution
		HideSolutionNode = FALSE
	EndGlobalSection
	GlobalSection(NestedProjects) = preSolution
		{8CB7C6A0-B71F-4EB5-A3D7-42F78F5BACD8} = {8607E656-E9F6-4B88-83E6-B6870D5D1C95}
		{92E0D4DA-2210-49B2-A149-D96318B42C16} = {8607E656-E9F6-4B88-83E6-B6870D5D1C95}
		{DF436545-DE4E-42E0-BA41-F2523A30A06F} = {70668CA1-1C3F-44D3-A42E-D974053C56F5}
	EndGlobalSection
	GlobalSection(ExtensibilityGlobals) = postSolution
		SolutionGuid = {B52D8153-2D67-4383-9DE6-A7F0C9ABEC92}
	EndGlobalSection
EndGlobal
